// !$*UTF8*$!
{
	archiveVersion = 1;
	classes = {
	};
	objectVersion = 50;
	objects = {

/* Begin PBXBuildFile section */
		1C087AAF2299EB500032FCBD /* OnboardModel.swift in Sources */ = {isa = PBXBuildFile; fileRef = 1C087AAE2299EB500032FCBD /* OnboardModel.swift */; };
		1C087AB3229D84C60032FCBD /* CustomeTabBarController.swift in Sources */ = {isa = PBXBuildFile; fileRef = 1C087AB2229D84C60032FCBD /* CustomeTabBarController.swift */; };
		1C094B6A22A5663B00D6F4A7 /* Alerts.swift in Sources */ = {isa = PBXBuildFile; fileRef = 1C094B6922A5663B00D6F4A7 /* Alerts.swift */; };
		1C15672922DF5DD9001430BE /* CampDetailCollectionViewController.swift in Sources */ = {isa = PBXBuildFile; fileRef = 1C15672822DF5DD8001430BE /* CampDetailCollectionViewController.swift */; };
		1C15672F22E4B861001430BE /* CampImageModel.swift in Sources */ = {isa = PBXBuildFile; fileRef = 1C15672E22E4B861001430BE /* CampImageModel.swift */; };
		1C15673122E6372F001430BE /* CampInfoModel.swift in Sources */ = {isa = PBXBuildFile; fileRef = 1C15673022E6372F001430BE /* CampInfoModel.swift */; };
		1C15673322E78AB4001430BE /* CampReviewModel.swift in Sources */ = {isa = PBXBuildFile; fileRef = 1C15673222E78AB3001430BE /* CampReviewModel.swift */; };
		1C15673522E81869001430BE /* ProfileCollectionViewController.swift in Sources */ = {isa = PBXBuildFile; fileRef = 1C15673422E81869001430BE /* ProfileCollectionViewController.swift */; };
		1C15673722E82293001430BE /* ProfileCollectionViewCell.swift in Sources */ = {isa = PBXBuildFile; fileRef = 1C15673622E82293001430BE /* ProfileCollectionViewCell.swift */; };
		1C15673922E8C56E001430BE /* FavoritedCampsCollectionViewCell.swift in Sources */ = {isa = PBXBuildFile; fileRef = 1C15673822E8C56E001430BE /* FavoritedCampsCollectionViewCell.swift */; };
		1C15673B22E8CE01001430BE /* ProfileModel.swift in Sources */ = {isa = PBXBuildFile; fileRef = 1C15673A22E8CE01001430BE /* ProfileModel.swift */; };
		1C15673D22EA4295001430BE /* HeaderCollectionReusableView.swift in Sources */ = {isa = PBXBuildFile; fileRef = 1C15673C22EA4295001430BE /* HeaderCollectionReusableView.swift */; };
		1C4209832296C8F80046355D /* AppDelegate.swift in Sources */ = {isa = PBXBuildFile; fileRef = 1C4209822296C8F80046355D /* AppDelegate.swift */; };
		1C4209882296C8F80046355D /* Main.storyboard in Resources */ = {isa = PBXBuildFile; fileRef = 1C4209862296C8F80046355D /* Main.storyboard */; };
		1C42098A2296C90C0046355D /* Assets.xcassets in Resources */ = {isa = PBXBuildFile; fileRef = 1C4209892296C90C0046355D /* Assets.xcassets */; };
		1C42098D2296C90C0046355D /* LaunchScreen.storyboard in Resources */ = {isa = PBXBuildFile; fileRef = 1C42098B2296C90C0046355D /* LaunchScreen.storyboard */; };
		1C4209982296C90C0046355D /* KidzCampTests.swift in Sources */ = {isa = PBXBuildFile; fileRef = 1C4209972296C90C0046355D /* KidzCampTests.swift */; };
		1C4209A32296C90C0046355D /* KidzCampUITests.swift in Sources */ = {isa = PBXBuildFile; fileRef = 1C4209A22296C90C0046355D /* KidzCampUITests.swift */; };
		1C4209B42296D0430046355D /* SignUpModel.swift in Sources */ = {isa = PBXBuildFile; fileRef = 1C4209B32296D0430046355D /* SignUpModel.swift */; };
		1C4209B62296D23A0046355D /* CollectionViewController.swift in Sources */ = {isa = PBXBuildFile; fileRef = 1C4209B52296D23A0046355D /* CollectionViewController.swift */; };
		1C4209B82296FD610046355D /* NextCollectionViewController.swift in Sources */ = {isa = PBXBuildFile; fileRef = 1C4209B72296FD610046355D /* NextCollectionViewController.swift */; };
		1C4209BA2297B23E0046355D /* OnboardCollectionViewCell.swift in Sources */ = {isa = PBXBuildFile; fileRef = 1C4209B92297B23E0046355D /* OnboardCollectionViewCell.swift */; };
		1C5B264322EF9221006AB1AC /* ReviewCell.swift in Sources */ = {isa = PBXBuildFile; fileRef = 1C5B264222EF9221006AB1AC /* ReviewCell.swift */; };
		1C5B264522EF92DA006AB1AC /* AttendeeCell.swift in Sources */ = {isa = PBXBuildFile; fileRef = 1C5B264422EF92DA006AB1AC /* AttendeeCell.swift */; };
		1C5B264722EF9B7E006AB1AC /* FactsCell.swift in Sources */ = {isa = PBXBuildFile; fileRef = 1C5B264622EF9B7E006AB1AC /* FactsCell.swift */; };
		1C5B264B22F4C628006AB1AC /* FactsBaseCell.swift in Sources */ = {isa = PBXBuildFile; fileRef = 1C5B264A22F4C627006AB1AC /* FactsBaseCell.swift */; };
		1C5B264D22F4C7C2006AB1AC /* FactsModel.swift in Sources */ = {isa = PBXBuildFile; fileRef = 1C5B264C22F4C7C2006AB1AC /* FactsModel.swift */; };
		1C5B264F22F570F4006AB1AC /* AttendeeModel.swift in Sources */ = {isa = PBXBuildFile; fileRef = 1C5B264E22F570F4006AB1AC /* AttendeeModel.swift */; };
		1C5B265122F57150006AB1AC /* ReviewModel.swift in Sources */ = {isa = PBXBuildFile; fileRef = 1C5B265022F57150006AB1AC /* ReviewModel.swift */; };
		1C5B265322F575DD006AB1AC /* AttendeeBaseCell.swift in Sources */ = {isa = PBXBuildFile; fileRef = 1C5B265222F575DD006AB1AC /* AttendeeBaseCell.swift */; };
		1C5B265522F57725006AB1AC /* ReviewBaseCell.swift in Sources */ = {isa = PBXBuildFile; fileRef = 1C5B265422F57725006AB1AC /* ReviewBaseCell.swift */; };
		1C5B265722F6B064006AB1AC /* CampImageCell.swift in Sources */ = {isa = PBXBuildFile; fileRef = 1C5B265622F6B064006AB1AC /* CampImageCell.swift */; };
		1CBC648422BEC9AF007AF03B /* QuestionModel.swift in Sources */ = {isa = PBXBuildFile; fileRef = 1CBC648322BEC9AF007AF03B /* QuestionModel.swift */; };
		1CBC648622BEC9FB007AF03B /* QuestionCollectionViewCell.swift in Sources */ = {isa = PBXBuildFile; fileRef = 1CBC648522BEC9FB007AF03B /* QuestionCollectionViewCell.swift */; };
		1CBC648822C4267A007AF03B /* SignUpView.swift in Sources */ = {isa = PBXBuildFile; fileRef = 1CBC648722C4267A007AF03B /* SignUpView.swift */; };
		1CBC648A22CFEE07007AF03B /* CampsCollectionViewController.swift in Sources */ = {isa = PBXBuildFile; fileRef = 1CBC648922CFEE07007AF03B /* CampsCollectionViewController.swift */; };
		1CBC648C22D006DA007AF03B /* CampsCollectionViewCell.swift in Sources */ = {isa = PBXBuildFile; fileRef = 1CBC648B22D006DA007AF03B /* CampsCollectionViewCell.swift */; };
		1CBC648E22D006F1007AF03B /* CampsModel.swift in Sources */ = {isa = PBXBuildFile; fileRef = 1CBC648D22D006F1007AF03B /* CampsModel.swift */; };
/* End PBXBuildFile section */

/* Begin PBXContainerItemProxy section */
		1C4209942296C90C0046355D /* PBXContainerItemProxy */ = {
			isa = PBXContainerItemProxy;
			containerPortal = 1C4209772296C8F70046355D /* Project object */;
			proxyType = 1;
			remoteGlobalIDString = 1C42097E2296C8F80046355D;
			remoteInfo = KidzCamp;
		};
		1C42099F2296C90C0046355D /* PBXContainerItemProxy */ = {
			isa = PBXContainerItemProxy;
			containerPortal = 1C4209772296C8F70046355D /* Project object */;
			proxyType = 1;
			remoteGlobalIDString = 1C42097E2296C8F80046355D;
			remoteInfo = KidzCamp;
		};
/* End PBXContainerItemProxy section */

/* Begin PBXFileReference section */
		1C087AAE2299EB500032FCBD /* OnboardModel.swift */ = {isa = PBXFileReference; lastKnownFileType = sourcecode.swift; path = OnboardModel.swift; sourceTree = "<group>"; };
		1C087AB2229D84C60032FCBD /* CustomeTabBarController.swift */ = {isa = PBXFileReference; lastKnownFileType = sourcecode.swift; path = CustomeTabBarController.swift; sourceTree = "<group>"; };
		1C094B6922A5663B00D6F4A7 /* Alerts.swift */ = {isa = PBXFileReference; lastKnownFileType = sourcecode.swift; path = Alerts.swift; sourceTree = "<group>"; };
		1C15672822DF5DD8001430BE /* CampDetailCollectionViewController.swift */ = {isa = PBXFileReference; lastKnownFileType = sourcecode.swift; path = CampDetailCollectionViewController.swift; sourceTree = "<group>"; };
		1C15672E22E4B861001430BE /* CampImageModel.swift */ = {isa = PBXFileReference; lastKnownFileType = sourcecode.swift; path = CampImageModel.swift; sourceTree = "<group>"; };
		1C15673022E6372F001430BE /* CampInfoModel.swift */ = {isa = PBXFileReference; lastKnownFileType = sourcecode.swift; path = CampInfoModel.swift; sourceTree = "<group>"; };
		1C15673222E78AB3001430BE /* CampReviewModel.swift */ = {isa = PBXFileReference; lastKnownFileType = sourcecode.swift; path = CampReviewModel.swift; sourceTree = "<group>"; };
		1C15673422E81869001430BE /* ProfileCollectionViewController.swift */ = {isa = PBXFileReference; lastKnownFileType = sourcecode.swift; path = ProfileCollectionViewController.swift; sourceTree = "<group>"; };
		1C15673622E82293001430BE /* ProfileCollectionViewCell.swift */ = {isa = PBXFileReference; lastKnownFileType = sourcecode.swift; path = ProfileCollectionViewCell.swift; sourceTree = "<group>"; };
		1C15673822E8C56E001430BE /* FavoritedCampsCollectionViewCell.swift */ = {isa = PBXFileReference; lastKnownFileType = sourcecode.swift; path = FavoritedCampsCollectionViewCell.swift; sourceTree = "<group>"; };
		1C15673A22E8CE01001430BE /* ProfileModel.swift */ = {isa = PBXFileReference; lastKnownFileType = sourcecode.swift; path = ProfileModel.swift; sourceTree = "<group>"; };
		1C15673C22EA4295001430BE /* HeaderCollectionReusableView.swift */ = {isa = PBXFileReference; lastKnownFileType = sourcecode.swift; path = HeaderCollectionReusableView.swift; sourceTree = "<group>"; };
		1C42097F2296C8F80046355D /* KidzCamp.app */ = {isa = PBXFileReference; explicitFileType = wrapper.application; includeInIndex = 0; path = KidzCamp.app; sourceTree = BUILT_PRODUCTS_DIR; };
		1C4209822296C8F80046355D /* AppDelegate.swift */ = {isa = PBXFileReference; lastKnownFileType = sourcecode.swift; path = AppDelegate.swift; sourceTree = "<group>"; };
		1C4209872296C8F80046355D /* Base */ = {isa = PBXFileReference; lastKnownFileType = file.storyboard; name = Base; path = Base.lproj/Main.storyboard; sourceTree = "<group>"; };
		1C4209892296C90C0046355D /* Assets.xcassets */ = {isa = PBXFileReference; lastKnownFileType = folder.assetcatalog; path = Assets.xcassets; sourceTree = "<group>"; };
		1C42098C2296C90C0046355D /* Base */ = {isa = PBXFileReference; lastKnownFileType = file.storyboard; name = Base; path = Base.lproj/LaunchScreen.storyboard; sourceTree = "<group>"; };
		1C42098E2296C90C0046355D /* Info.plist */ = {isa = PBXFileReference; lastKnownFileType = text.plist.xml; path = Info.plist; sourceTree = "<group>"; };
		1C4209932296C90C0046355D /* KidzCampTests.xctest */ = {isa = PBXFileReference; explicitFileType = wrapper.cfbundle; includeInIndex = 0; path = KidzCampTests.xctest; sourceTree = BUILT_PRODUCTS_DIR; };
		1C4209972296C90C0046355D /* KidzCampTests.swift */ = {isa = PBXFileReference; lastKnownFileType = sourcecode.swift; path = KidzCampTests.swift; sourceTree = "<group>"; };
		1C4209992296C90C0046355D /* Info.plist */ = {isa = PBXFileReference; lastKnownFileType = text.plist.xml; path = Info.plist; sourceTree = "<group>"; };
		1C42099E2296C90C0046355D /* KidzCampUITests.xctest */ = {isa = PBXFileReference; explicitFileType = wrapper.cfbundle; includeInIndex = 0; path = KidzCampUITests.xctest; sourceTree = BUILT_PRODUCTS_DIR; };
		1C4209A22296C90C0046355D /* KidzCampUITests.swift */ = {isa = PBXFileReference; lastKnownFileType = sourcecode.swift; path = KidzCampUITests.swift; sourceTree = "<group>"; };
		1C4209A42296C90C0046355D /* Info.plist */ = {isa = PBXFileReference; lastKnownFileType = text.plist.xml; path = Info.plist; sourceTree = "<group>"; };
		1C4209B32296D0430046355D /* SignUpModel.swift */ = {isa = PBXFileReference; lastKnownFileType = sourcecode.swift; path = SignUpModel.swift; sourceTree = "<group>"; };
		1C4209B52296D23A0046355D /* CollectionViewController.swift */ = {isa = PBXFileReference; lastKnownFileType = sourcecode.swift; path = CollectionViewController.swift; sourceTree = "<group>"; };
		1C4209B72296FD610046355D /* NextCollectionViewController.swift */ = {isa = PBXFileReference; lastKnownFileType = sourcecode.swift; path = NextCollectionViewController.swift; sourceTree = "<group>"; };
		1C4209B92297B23E0046355D /* OnboardCollectionViewCell.swift */ = {isa = PBXFileReference; lastKnownFileType = sourcecode.swift; path = OnboardCollectionViewCell.swift; sourceTree = "<group>"; };
		1C5B264222EF9221006AB1AC /* ReviewCell.swift */ = {isa = PBXFileReference; lastKnownFileType = sourcecode.swift; path = ReviewCell.swift; sourceTree = "<group>"; };
		1C5B264422EF92DA006AB1AC /* AttendeeCell.swift */ = {isa = PBXFileReference; lastKnownFileType = sourcecode.swift; path = AttendeeCell.swift; sourceTree = "<group>"; };
		1C5B264622EF9B7E006AB1AC /* FactsCell.swift */ = {isa = PBXFileReference; lastKnownFileType = sourcecode.swift; path = FactsCell.swift; sourceTree = "<group>"; };
		1C5B264A22F4C627006AB1AC /* FactsBaseCell.swift */ = {isa = PBXFileReference; lastKnownFileType = sourcecode.swift; path = FactsBaseCell.swift; sourceTree = "<group>"; };
		1C5B264C22F4C7C2006AB1AC /* FactsModel.swift */ = {isa = PBXFileReference; lastKnownFileType = sourcecode.swift; path = FactsModel.swift; sourceTree = "<group>"; };
		1C5B264E22F570F4006AB1AC /* AttendeeModel.swift */ = {isa = PBXFileReference; lastKnownFileType = sourcecode.swift; path = AttendeeModel.swift; sourceTree = "<group>"; };
		1C5B265022F57150006AB1AC /* ReviewModel.swift */ = {isa = PBXFileReference; lastKnownFileType = sourcecode.swift; path = ReviewModel.swift; sourceTree = "<group>"; };
		1C5B265222F575DD006AB1AC /* AttendeeBaseCell.swift */ = {isa = PBXFileReference; lastKnownFileType = sourcecode.swift; path = AttendeeBaseCell.swift; sourceTree = "<group>"; };
		1C5B265422F57725006AB1AC /* ReviewBaseCell.swift */ = {isa = PBXFileReference; lastKnownFileType = sourcecode.swift; path = ReviewBaseCell.swift; sourceTree = "<group>"; };
		1C5B265622F6B064006AB1AC /* CampImageCell.swift */ = {isa = PBXFileReference; lastKnownFileType = sourcecode.swift; path = CampImageCell.swift; sourceTree = "<group>"; };
		1CBC648322BEC9AF007AF03B /* QuestionModel.swift */ = {isa = PBXFileReference; lastKnownFileType = sourcecode.swift; path = QuestionModel.swift; sourceTree = "<group>"; };
		1CBC648522BEC9FB007AF03B /* QuestionCollectionViewCell.swift */ = {isa = PBXFileReference; lastKnownFileType = sourcecode.swift; path = QuestionCollectionViewCell.swift; sourceTree = "<group>"; };
		1CBC648722C4267A007AF03B /* SignUpView.swift */ = {isa = PBXFileReference; lastKnownFileType = sourcecode.swift; path = SignUpView.swift; sourceTree = "<group>"; };
		1CBC648922CFEE07007AF03B /* CampsCollectionViewController.swift */ = {isa = PBXFileReference; lastKnownFileType = sourcecode.swift; path = CampsCollectionViewController.swift; sourceTree = "<group>"; };
		1CBC648B22D006DA007AF03B /* CampsCollectionViewCell.swift */ = {isa = PBXFileReference; lastKnownFileType = sourcecode.swift; path = CampsCollectionViewCell.swift; sourceTree = "<group>"; };
		1CBC648D22D006F1007AF03B /* CampsModel.swift */ = {isa = PBXFileReference; lastKnownFileType = sourcecode.swift; path = CampsModel.swift; sourceTree = "<group>"; };
/* End PBXFileReference section */

/* Begin PBXFrameworksBuildPhase section */
		1C42097C2296C8F80046355D /* Frameworks */ = {
			isa = PBXFrameworksBuildPhase;
			buildActionMask = 2147483647;
			files = (
			);
			runOnlyForDeploymentPostprocessing = 0;
		};
		1C4209902296C90C0046355D /* Frameworks */ = {
			isa = PBXFrameworksBuildPhase;
			buildActionMask = 2147483647;
			files = (
			);
			runOnlyForDeploymentPostprocessing = 0;
		};
		1C42099B2296C90C0046355D /* Frameworks */ = {
			isa = PBXFrameworksBuildPhase;
			buildActionMask = 2147483647;
			files = (
			);
			runOnlyForDeploymentPostprocessing = 0;
		};
/* End PBXFrameworksBuildPhase section */

/* Begin PBXGroup section */
		1C4209762296C8F70046355D = {
			isa = PBXGroup;
			children = (
				1C4209812296C8F80046355D /* KidzCamp */,
				1C4209962296C90C0046355D /* KidzCampTests */,
				1C4209A12296C90C0046355D /* KidzCampUITests */,
				1C4209802296C8F80046355D /* Products */,
			);
			sourceTree = "<group>";
		};
		1C4209802296C8F80046355D /* Products */ = {
			isa = PBXGroup;
			children = (
				1C42097F2296C8F80046355D /* KidzCamp.app */,
				1C4209932296C90C0046355D /* KidzCampTests.xctest */,
				1C42099E2296C90C0046355D /* KidzCampUITests.xctest */,
			);
			name = Products;
			sourceTree = "<group>";
		};
		1C4209812296C8F80046355D /* KidzCamp */ = {
			isa = PBXGroup;
			children = (
				1C4209822296C8F80046355D /* AppDelegate.swift */,
				1C087AB2229D84C60032FCBD /* CustomeTabBarController.swift */,
				1C094B6922A5663B00D6F4A7 /* Alerts.swift */,
				1C4209B02296CA3D0046355D /* Model */,
				1C4209B12296CA490046355D /* View */,
				1C4209B22296CA510046355D /* Controller */,
				1C4209862296C8F80046355D /* Main.storyboard */,
				1C4209892296C90C0046355D /* Assets.xcassets */,
				1C42098B2296C90C0046355D /* LaunchScreen.storyboard */,
				1C42098E2296C90C0046355D /* Info.plist */,
			);
			path = KidzCamp;
			sourceTree = "<group>";
		};
		1C4209962296C90C0046355D /* KidzCampTests */ = {
			isa = PBXGroup;
			children = (
				1C4209972296C90C0046355D /* KidzCampTests.swift */,
				1C4209992296C90C0046355D /* Info.plist */,
			);
			path = KidzCampTests;
			sourceTree = "<group>";
		};
		1C4209A12296C90C0046355D /* KidzCampUITests */ = {
			isa = PBXGroup;
			children = (
				1C4209A22296C90C0046355D /* KidzCampUITests.swift */,
				1C4209A42296C90C0046355D /* Info.plist */,
			);
			path = KidzCampUITests;
			sourceTree = "<group>";
		};
		1C4209B02296CA3D0046355D /* Model */ = {
			isa = PBXGroup;
			children = (
				1C4209B32296D0430046355D /* SignUpModel.swift */,
				1CBC648D22D006F1007AF03B /* CampsModel.swift */,
				1C087AAE2299EB500032FCBD /* OnboardModel.swift */,
				1CBC648322BEC9AF007AF03B /* QuestionModel.swift */,
				1C15672E22E4B861001430BE /* CampImageModel.swift */,
				1C15673022E6372F001430BE /* CampInfoModel.swift */,
				1C15673222E78AB3001430BE /* CampReviewModel.swift */,
				1C15673A22E8CE01001430BE /* ProfileModel.swift */,
				1C5B264C22F4C7C2006AB1AC /* FactsModel.swift */,
				1C5B264E22F570F4006AB1AC /* AttendeeModel.swift */,
				1C5B265022F57150006AB1AC /* ReviewModel.swift */,
			);
			path = Model;
			sourceTree = "<group>";
		};
		1C4209B12296CA490046355D /* View */ = {
			isa = PBXGroup;
			children = (
				1C4209B92297B23E0046355D /* OnboardCollectionViewCell.swift */,
				1CBC648522BEC9FB007AF03B /* QuestionCollectionViewCell.swift */,
				1CBC648722C4267A007AF03B /* SignUpView.swift */,
				1C15673622E82293001430BE /* ProfileCollectionViewCell.swift */,
				1CBC648B22D006DA007AF03B /* CampsCollectionViewCell.swift */,
				1C15673822E8C56E001430BE /* FavoritedCampsCollectionViewCell.swift */,
				1C15673C22EA4295001430BE /* HeaderCollectionReusableView.swift */,
				1C5B264222EF9221006AB1AC /* ReviewCell.swift */,
				1C5B265422F57725006AB1AC /* ReviewBaseCell.swift */,
				1C5B264422EF92DA006AB1AC /* AttendeeCell.swift */,
				1C5B265222F575DD006AB1AC /* AttendeeBaseCell.swift */,
				1C5B264622EF9B7E006AB1AC /* FactsCell.swift */,
				1C5B264A22F4C627006AB1AC /* FactsBaseCell.swift */,
				1C5B265622F6B064006AB1AC /* CampImageCell.swift */,
			);
			path = View;
			sourceTree = "<group>";
		};
		1C4209B22296CA510046355D /* Controller */ = {
			isa = PBXGroup;
			children = (
				1C4209B52296D23A0046355D /* CollectionViewController.swift */,
				1C4209B72296FD610046355D /* NextCollectionViewController.swift */,
				1CBC648922CFEE07007AF03B /* CampsCollectionViewController.swift */,
				1C15672822DF5DD8001430BE /* CampDetailCollectionViewController.swift */,
				1C15673422E81869001430BE /* ProfileCollectionViewController.swift */,
			);
			path = Controller;
			sourceTree = "<group>";
		};
/* End PBXGroup section */

/* Begin PBXNativeTarget section */
		1C42097E2296C8F80046355D /* KidzCamp */ = {
			isa = PBXNativeTarget;
			buildConfigurationList = 1C4209A72296C90C0046355D /* Build configuration list for PBXNativeTarget "KidzCamp" */;
			buildPhases = (
				1C42097B2296C8F80046355D /* Sources */,
				1C42097C2296C8F80046355D /* Frameworks */,
				1C42097D2296C8F80046355D /* Resources */,
			);
			buildRules = (
			);
			dependencies = (
			);
			name = KidzCamp;
			productName = KidzCamp;
			productReference = 1C42097F2296C8F80046355D /* KidzCamp.app */;
			productType = "com.apple.product-type.application";
		};
		1C4209922296C90C0046355D /* KidzCampTests */ = {
			isa = PBXNativeTarget;
			buildConfigurationList = 1C4209AA2296C90C0046355D /* Build configuration list for PBXNativeTarget "KidzCampTests" */;
			buildPhases = (
				1C42098F2296C90C0046355D /* Sources */,
				1C4209902296C90C0046355D /* Frameworks */,
				1C4209912296C90C0046355D /* Resources */,
			);
			buildRules = (
			);
			dependencies = (
				1C4209952296C90C0046355D /* PBXTargetDependency */,
			);
			name = KidzCampTests;
			productName = KidzCampTests;
			productReference = 1C4209932296C90C0046355D /* KidzCampTests.xctest */;
			productType = "com.apple.product-type.bundle.unit-test";
		};
		1C42099D2296C90C0046355D /* KidzCampUITests */ = {
			isa = PBXNativeTarget;
			buildConfigurationList = 1C4209AD2296C90C0046355D /* Build configuration list for PBXNativeTarget "KidzCampUITests" */;
			buildPhases = (
				1C42099A2296C90C0046355D /* Sources */,
				1C42099B2296C90C0046355D /* Frameworks */,
				1C42099C2296C90C0046355D /* Resources */,
			);
			buildRules = (
			);
			dependencies = (
				1C4209A02296C90C0046355D /* PBXTargetDependency */,
			);
			name = KidzCampUITests;
			productName = KidzCampUITests;
			productReference = 1C42099E2296C90C0046355D /* KidzCampUITests.xctest */;
			productType = "com.apple.product-type.bundle.ui-testing";
		};
/* End PBXNativeTarget section */

/* Begin PBXProject section */
		1C4209772296C8F70046355D /* Project object */ = {
			isa = PBXProject;
			attributes = {
				LastSwiftUpdateCheck = 1010;
				LastUpgradeCheck = 1010;
				ORGANIZATIONNAME = "Alex Cowley ";
				TargetAttributes = {
					1C42097E2296C8F80046355D = {
						CreatedOnToolsVersion = 10.1;
					};
					1C4209922296C90C0046355D = {
						CreatedOnToolsVersion = 10.1;
						TestTargetID = 1C42097E2296C8F80046355D;
					};
					1C42099D2296C90C0046355D = {
						CreatedOnToolsVersion = 10.1;
						TestTargetID = 1C42097E2296C8F80046355D;
					};
				};
			};
			buildConfigurationList = 1C42097A2296C8F70046355D /* Build configuration list for PBXProject "KidzCamp" */;
			compatibilityVersion = "Xcode 9.3";
			developmentRegion = en;
			hasScannedForEncodings = 0;
			knownRegions = (
				en,
				Base,
			);
			mainGroup = 1C4209762296C8F70046355D;
			productRefGroup = 1C4209802296C8F80046355D /* Products */;
			projectDirPath = "";
			projectRoot = "";
			targets = (
				1C42097E2296C8F80046355D /* KidzCamp */,
				1C4209922296C90C0046355D /* KidzCampTests */,
				1C42099D2296C90C0046355D /* KidzCampUITests */,
			);
		};
/* End PBXProject section */

/* Begin PBXResourcesBuildPhase section */
		1C42097D2296C8F80046355D /* Resources */ = {
			isa = PBXResourcesBuildPhase;
			buildActionMask = 2147483647;
			files = (
				1C42098D2296C90C0046355D /* LaunchScreen.storyboard in Resources */,
				1C42098A2296C90C0046355D /* Assets.xcassets in Resources */,
				1C4209882296C8F80046355D /* Main.storyboard in Resources */,
			);
			runOnlyForDeploymentPostprocessing = 0;
		};
		1C4209912296C90C0046355D /* Resources */ = {
			isa = PBXResourcesBuildPhase;
			buildActionMask = 2147483647;
			files = (
			);
			runOnlyForDeploymentPostprocessing = 0;
		};
		1C42099C2296C90C0046355D /* Resources */ = {
			isa = PBXResourcesBuildPhase;
			buildActionMask = 2147483647;
			files = (
			);
			runOnlyForDeploymentPostprocessing = 0;
		};
/* End PBXResourcesBuildPhase section */

/* Begin PBXSourcesBuildPhase section */
		1C42097B2296C8F80046355D /* Sources */ = {
			isa = PBXSourcesBuildPhase;
			buildActionMask = 2147483647;
			files = (
				1C5B264B22F4C628006AB1AC /* FactsBaseCell.swift in Sources */,
				1CBC648E22D006F1007AF03B /* CampsModel.swift in Sources */,
				1C4209B62296D23A0046355D /* CollectionViewController.swift in Sources */,
				1CBC648C22D006DA007AF03B /* CampsCollectionViewCell.swift in Sources */,
				1C5B265722F6B064006AB1AC /* CampImageCell.swift in Sources */,
				1C5B264D22F4C7C2006AB1AC /* FactsModel.swift in Sources */,
				1CBC648422BEC9AF007AF03B /* QuestionModel.swift in Sources */,
				1C15673322E78AB4001430BE /* CampReviewModel.swift in Sources */,
				1C4209B82296FD610046355D /* NextCollectionViewController.swift in Sources */,
				1C5B265122F57150006AB1AC /* ReviewModel.swift in Sources */,
				1C5B265322F575DD006AB1AC /* AttendeeBaseCell.swift in Sources */,
				1C5B264F22F570F4006AB1AC /* AttendeeModel.swift in Sources */,
				1CBC648622BEC9FB007AF03B /* QuestionCollectionViewCell.swift in Sources */,
				1C15673D22EA4295001430BE /* HeaderCollectionReusableView.swift in Sources */,
				1C15673122E6372F001430BE /* CampInfoModel.swift in Sources */,
				1C4209B42296D0430046355D /* SignUpModel.swift in Sources */,
				1CBC648A22CFEE07007AF03B /* CampsCollectionViewController.swift in Sources */,
				1C15672F22E4B861001430BE /* CampImageModel.swift in Sources */,
				1C5B264522EF92DA006AB1AC /* AttendeeCell.swift in Sources */,
				1C15672922DF5DD9001430BE /* CampDetailCollectionViewController.swift in Sources */,
				1C15673722E82293001430BE /* ProfileCollectionViewCell.swift in Sources */,
				1C15673B22E8CE01001430BE /* ProfileModel.swift in Sources */,
				1C087AAF2299EB500032FCBD /* OnboardModel.swift in Sources */,
				1C5B264322EF9221006AB1AC /* ReviewCell.swift in Sources */,
				1C4209BA2297B23E0046355D /* OnboardCollectionViewCell.swift in Sources */,
				1CBC648822C4267A007AF03B /* SignUpView.swift in Sources */,
				1C094B6A22A5663B00D6F4A7 /* Alerts.swift in Sources */,
				1C087AB3229D84C60032FCBD /* CustomeTabBarController.swift in Sources */,
				1C15673922E8C56E001430BE /* FavoritedCampsCollectionViewCell.swift in Sources */,
				1C15673522E81869001430BE /* ProfileCollectionViewController.swift in Sources */,
				1C4209832296C8F80046355D /* AppDelegate.swift in Sources */,
				1C5B265522F57725006AB1AC /* ReviewBaseCell.swift in Sources */,
				1C5B264722EF9B7E006AB1AC /* FactsCell.swift in Sources */,
			);
			runOnlyForDeploymentPostprocessing = 0;
		};
		1C42098F2296C90C0046355D /* Sources */ = {
			isa = PBXSourcesBuildPhase;
			buildActionMask = 2147483647;
			files = (
				1C4209982296C90C0046355D /* KidzCampTests.swift in Sources */,
			);
			runOnlyForDeploymentPostprocessing = 0;
		};
		1C42099A2296C90C0046355D /* Sources */ = {
			isa = PBXSourcesBuildPhase;
			buildActionMask = 2147483647;
			files = (
				1C4209A32296C90C0046355D /* KidzCampUITests.swift in Sources */,
			);
			runOnlyForDeploymentPostprocessing = 0;
		};
/* End PBXSourcesBuildPhase section */

/* Begin PBXTargetDependency section */
		1C4209952296C90C0046355D /* PBXTargetDependency */ = {
			isa = PBXTargetDependency;
			target = 1C42097E2296C8F80046355D /* KidzCamp */;
			targetProxy = 1C4209942296C90C0046355D /* PBXContainerItemProxy */;
		};
		1C4209A02296C90C0046355D /* PBXTargetDependency */ = {
			isa = PBXTargetDependency;
			target = 1C42097E2296C8F80046355D /* KidzCamp */;
			targetProxy = 1C42099F2296C90C0046355D /* PBXContainerItemProxy */;
		};
/* End PBXTargetDependency section */

/* Begin PBXVariantGroup section */
		1C4209862296C8F80046355D /* Main.storyboard */ = {
			isa = PBXVariantGroup;
			children = (
				1C4209872296C8F80046355D /* Base */,
			);
			name = Main.storyboard;
			sourceTree = "<group>";
		};
		1C42098B2296C90C0046355D /* LaunchScreen.storyboard */ = {
			isa = PBXVariantGroup;
			children = (
				1C42098C2296C90C0046355D /* Base */,
			);
			name = LaunchScreen.storyboard;
			sourceTree = "<group>";
		};
/* End PBXVariantGroup section */

/* Begin XCBuildConfiguration section */
		1C4209A52296C90C0046355D /* Debug */ = {
			isa = XCBuildConfiguration;
			buildSettings = {
				ALWAYS_SEARCH_USER_PATHS = NO;
				CLANG_ANALYZER_NONNULL = YES;
				CLANG_ANALYZER_NUMBER_OBJECT_CONVERSION = YES_AGGRESSIVE;
				CLANG_CXX_LANGUAGE_STANDARD = "gnu++14";
				CLANG_CXX_LIBRARY = "libc++";
				CLANG_ENABLE_MODULES = YES;
				CLANG_ENABLE_OBJC_ARC = YES;
				CLANG_ENABLE_OBJC_WEAK = YES;
				CLANG_WARN_BLOCK_CAPTURE_AUTORELEASING = YES;
				CLANG_WARN_BOOL_CONVERSION = YES;
				CLANG_WARN_COMMA = YES;
				CLANG_WARN_CONSTANT_CONVERSION = YES;
				CLANG_WARN_DEPRECATED_OBJC_IMPLEMENTATIONS = YES;
				CLANG_WARN_DIRECT_OBJC_ISA_USAGE = YES_ERROR;
				CLANG_WARN_DOCUMENTATION_COMMENTS = YES;
				CLANG_WARN_EMPTY_BODY = YES;
				CLANG_WARN_ENUM_CONVERSION = YES;
				CLANG_WARN_INFINITE_RECURSION = YES;
				CLANG_WARN_INT_CONVERSION = YES;
				CLANG_WARN_NON_LITERAL_NULL_CONVERSION = YES;
				CLANG_WARN_OBJC_IMPLICIT_RETAIN_SELF = YES;
				CLANG_WARN_OBJC_LITERAL_CONVERSION = YES;
				CLANG_WARN_OBJC_ROOT_CLASS = YES_ERROR;
				CLANG_WARN_RANGE_LOOP_ANALYSIS = YES;
				CLANG_WARN_STRICT_PROTOTYPES = YES;
				CLANG_WARN_SUSPICIOUS_MOVE = YES;
				CLANG_WARN_UNGUARDED_AVAILABILITY = YES_AGGRESSIVE;
				CLANG_WARN_UNREACHABLE_CODE = YES;
				CLANG_WARN__DUPLICATE_METHOD_MATCH = YES;
				CODE_SIGN_IDENTITY = "iPhone Developer";
				COPY_PHASE_STRIP = NO;
				DEBUG_INFORMATION_FORMAT = dwarf;
				ENABLE_STRICT_OBJC_MSGSEND = YES;
				ENABLE_TESTABILITY = YES;
				GCC_C_LANGUAGE_STANDARD = gnu11;
				GCC_DYNAMIC_NO_PIC = NO;
				GCC_NO_COMMON_BLOCKS = YES;
				GCC_OPTIMIZATION_LEVEL = 0;
				GCC_PREPROCESSOR_DEFINITIONS = (
					"DEBUG=1",
					"$(inherited)",
				);
				GCC_WARN_64_TO_32_BIT_CONVERSION = YES;
				GCC_WARN_ABOUT_RETURN_TYPE = YES_ERROR;
				GCC_WARN_UNDECLARED_SELECTOR = YES;
				GCC_WARN_UNINITIALIZED_AUTOS = YES_AGGRESSIVE;
				GCC_WARN_UNUSED_FUNCTION = YES;
				GCC_WARN_UNUSED_VARIABLE = YES;
				IPHONEOS_DEPLOYMENT_TARGET = 12.1;
				MTL_ENABLE_DEBUG_INFO = INCLUDE_SOURCE;
				MTL_FAST_MATH = YES;
				ONLY_ACTIVE_ARCH = YES;
				SDKROOT = iphoneos;
				SWIFT_ACTIVE_COMPILATION_CONDITIONS = DEBUG;
				SWIFT_OPTIMIZATION_LEVEL = "-Onone";
			};
			name = Debug;
		};
		1C4209A62296C90C0046355D /* Release */ = {
			isa = XCBuildConfiguration;
			buildSettings = {
				ALWAYS_SEARCH_USER_PATHS = NO;
				CLANG_ANALYZER_NONNULL = YES;
				CLANG_ANALYZER_NUMBER_OBJECT_CONVERSION = YES_AGGRESSIVE;
				CLANG_CXX_LANGUAGE_STANDARD = "gnu++14";
				CLANG_CXX_LIBRARY = "libc++";
				CLANG_ENABLE_MODULES = YES;
				CLANG_ENABLE_OBJC_ARC = YES;
				CLANG_ENABLE_OBJC_WEAK = YES;
				CLANG_WARN_BLOCK_CAPTURE_AUTORELEASING = YES;
				CLANG_WARN_BOOL_CONVERSION = YES;
				CLANG_WARN_COMMA = YES;
				CLANG_WARN_CONSTANT_CONVERSION = YES;
				CLANG_WARN_DEPRECATED_OBJC_IMPLEMENTATIONS = YES;
				CLANG_WARN_DIRECT_OBJC_ISA_USAGE = YES_ERROR;
				CLANG_WARN_DOCUMENTATION_COMMENTS = YES;
				CLANG_WARN_EMPTY_BODY = YES;
				CLANG_WARN_ENUM_CONVERSION = YES;
				CLANG_WARN_INFINITE_RECURSION = YES;
				CLANG_WARN_INT_CONVERSION = YES;
				CLANG_WARN_NON_LITERAL_NULL_CONVERSION = YES;
				CLANG_WARN_OBJC_IMPLICIT_RETAIN_SELF = YES;
				CLANG_WARN_OBJC_LITERAL_CONVERSION = YES;
				CLANG_WARN_OBJC_ROOT_CLASS = YES_ERROR;
				CLANG_WARN_RANGE_LOOP_ANALYSIS = YES;
				CLANG_WARN_STRICT_PROTOTYPES = YES;
				CLANG_WARN_SUSPICIOUS_MOVE = YES;
				CLANG_WARN_UNGUARDED_AVAILABILITY = YES_AGGRESSIVE;
				CLANG_WARN_UNREACHABLE_CODE = YES;
				CLANG_WARN__DUPLICATE_METHOD_MATCH = YES;
				CODE_SIGN_IDENTITY = "iPhone Developer";
				COPY_PHASE_STRIP = NO;
				DEBUG_INFORMATION_FORMAT = "dwarf-with-dsym";
				ENABLE_NS_ASSERTIONS = NO;
				ENABLE_STRICT_OBJC_MSGSEND = YES;
				GCC_C_LANGUAGE_STANDARD = gnu11;
				GCC_NO_COMMON_BLOCKS = YES;
				GCC_WARN_64_TO_32_BIT_CONVERSION = YES;
				GCC_WARN_ABOUT_RETURN_TYPE = YES_ERROR;
				GCC_WARN_UNDECLARED_SELECTOR = YES;
				GCC_WARN_UNINITIALIZED_AUTOS = YES_AGGRESSIVE;
				GCC_WARN_UNUSED_FUNCTION = YES;
				GCC_WARN_UNUSED_VARIABLE = YES;
				IPHONEOS_DEPLOYMENT_TARGET = 12.1;
				MTL_ENABLE_DEBUG_INFO = NO;
				MTL_FAST_MATH = YES;
				SDKROOT = iphoneos;
				SWIFT_COMPILATION_MODE = wholemodule;
				SWIFT_OPTIMIZATION_LEVEL = "-O";
				VALIDATE_PRODUCT = YES;
			};
			name = Release;
		};
		1C4209A82296C90C0046355D /* Debug */ = {
			isa = XCBuildConfiguration;
			buildSettings = {
				ASSETCATALOG_COMPILER_APPICON_NAME = AppIcon;
				CODE_SIGN_STYLE = Automatic;
				DEVELOPMENT_TEAM = B2LR496LBC;
				INFOPLIST_FILE = KidzCamp/Info.plist;
				LD_RUNPATH_SEARCH_PATHS = (
					"$(inherited)",
					"@executable_path/Frameworks",
				);
				PRODUCT_BUNDLE_IDENTIFIER = com.alexcowley.KidzCamp;
				PRODUCT_NAME = "$(TARGET_NAME)";
				SWIFT_VERSION = 4.2;
				TARGETED_DEVICE_FAMILY = "1,2";
			};
			name = Debug;
		};
		1C4209A92296C90C0046355D /* Release */ = {
			isa = XCBuildConfiguration;
			buildSettings = {
				ASSETCATALOG_COMPILER_APPICON_NAME = AppIcon;
				CODE_SIGN_STYLE = Automatic;
				DEVELOPMENT_TEAM = B2LR496LBC;
				INFOPLIST_FILE = KidzCamp/Info.plist;
				LD_RUNPATH_SEARCH_PATHS = (
					"$(inherited)",
					"@executable_path/Frameworks",
				);
				PRODUCT_BUNDLE_IDENTIFIER = com.alexcowley.KidzCamp;
				PRODUCT_NAME = "$(TARGET_NAME)";
				SWIFT_VERSION = 4.2;
				TARGETED_DEVICE_FAMILY = "1,2";
			};
			name = Release;
		};
		1C4209AB2296C90C0046355D /* Debug */ = {
			isa = XCBuildConfiguration;
			buildSettings = {
				ALWAYS_EMBED_SWIFT_STANDARD_LIBRARIES = YES;
				BUNDLE_LOADER = "$(TEST_HOST)";
				CODE_SIGN_STYLE = Automatic;
				INFOPLIST_FILE = KidzCampTests/Info.plist;
				LD_RUNPATH_SEARCH_PATHS = (
					"$(inherited)",
					"@executable_path/Frameworks",
					"@loader_path/Frameworks",
				);
				PRODUCT_BUNDLE_IDENTIFIER = com.alexcowley.KidzCampTests;
				PRODUCT_NAME = "$(TARGET_NAME)";
				SWIFT_VERSION = 4.2;
				TARGETED_DEVICE_FAMILY = "1,2";
				TEST_HOST = "$(BUILT_PRODUCTS_DIR)/KidzCamp.app/KidzCamp";
			};
			name = Debug;
		};
		1C4209AC2296C90C0046355D /* Release */ = {
			isa = XCBuildConfiguration;
			buildSettings = {
				ALWAYS_EMBED_SWIFT_STANDARD_LIBRARIES = YES;
				BUNDLE_LOADER = "$(TEST_HOST)";
				CODE_SIGN_STYLE = Automatic;
				INFOPLIST_FILE = KidzCampTests/Info.plist;
				LD_RUNPATH_SEARCH_PATHS = (
					"$(inherited)",
					"@executable_path/Frameworks",
					"@loader_path/Frameworks",
				);
				PRODUCT_BUNDLE_IDENTIFIER = com.alexcowley.KidzCampTests;
				PRODUCT_NAME = "$(TARGET_NAME)";
				SWIFT_VERSION = 4.2;
				TARGETED_DEVICE_FAMILY = "1,2";
				TEST_HOST = "$(BUILT_PRODUCTS_DIR)/KidzCamp.app/KidzCamp";
			};
			name = Release;
		};
		1C4209AE2296C90C0046355D /* Debug */ = {
			isa = XCBuildConfiguration;
			buildSettings = {
				ALWAYS_EMBED_SWIFT_STANDARD_LIBRARIES = YES;
				CODE_SIGN_STYLE = Automatic;
				INFOPLIST_FILE = KidzCampUITests/Info.plist;
				LD_RUNPATH_SEARCH_PATHS = (
					"$(inherited)",
					"@executable_path/Frameworks",
					"@loader_path/Frameworks",
				);
				PRODUCT_BUNDLE_IDENTIFIER = com.alexcowley.KidzCampUITests;
				PRODUCT_NAME = "$(TARGET_NAME)";
				SWIFT_VERSION = 4.2;
				TARGETED_DEVICE_FAMILY = "1,2";
				TEST_TARGET_NAME = KidzCamp;
			};
			name = Debug;
		};
		1C4209AF2296C90C0046355D /* Release */ = {
			isa = XCBuildConfiguration;
			buildSettings = {
				ALWAYS_EMBED_SWIFT_STANDARD_LIBRARIES = YES;
				CODE_SIGN_STYLE = Automatic;
				INFOPLIST_FILE = KidzCampUITests/Info.plist;
				LD_RUNPATH_SEARCH_PATHS = (
					"$(inherited)",
					"@executable_path/Frameworks",
					"@loader_path/Frameworks",
				);
				PRODUCT_BUNDLE_IDENTIFIER = com.alexcowley.KidzCampUITests;
				PRODUCT_NAME = "$(TARGET_NAME)";
				SWIFT_VERSION = 4.2;
				TARGETED_DEVICE_FAMILY = "1,2";
				TEST_TARGET_NAME = KidzCamp;
			};
			name = Release;
		};
/* End XCBuildConfiguration section */

/* Begin XCConfigurationList section */
		1C42097A2296C8F70046355D /* Build configuration list for PBXProject "KidzCamp" */ = {
			isa = XCConfigurationList;
			buildConfigurations = (
				1C4209A52296C90C0046355D /* Debug */,
				1C4209A62296C90C0046355D /* Release */,
			);
			defaultConfigurationIsVisible = 0;
			defaultConfigurationName = Release;
		};
		1C4209A72296C90C0046355D /* Build configuration list for PBXNativeTarget "KidzCamp" */ = {
			isa = XCConfigurationList;
			buildConfigurations = (
				1C4209A82296C90C0046355D /* Debug */,
				1C4209A92296C90C0046355D /* Release */,
			);
			defaultConfigurationIsVisible = 0;
			defaultConfigurationName = Release;
		};
		1C4209AA2296C90C0046355D /* Build configuration list for PBXNativeTarget "KidzCampTests" */ = {
			isa = XCConfigurationList;
			buildConfigurations = (
				1C4209AB2296C90C0046355D /* Debug */,
				1C4209AC2296C90C0046355D /* Release */,
			);
			defaultConfigurationIsVisible = 0;
			defaultConfigurationName = Release;
		};
		1C4209AD2296C90C0046355D /* Build configuration list for PBXNativeTarget "KidzCampUITests" */ = {
			isa = XCConfigurationList;
			buildConfigurations = (
				1C4209AE2296C90C0046355D /* Debug */,
				1C4209AF2296C90C0046355D /* Release */,
			);
			defaultConfigurationIsVisible = 0;
			defaultConfigurationName = Release;
		};
/* End XCConfigurationList section */
	};
	rootObject = 1C4209772296C8F70046355D /* Project object */;
}
